<?xml version="1.0" encoding="utf-8"?>
<Project ToolsVersion="4.0" xmlns="http://schemas.microsoft.com/developer/msbuild/2003">
  <ItemGroup>
    <Filter Include="Recon">
      <UniqueIdentifier>{9CEF030E-0804-2CBF-D185-CF1E3D5928F0}</UniqueIdentifier>
    </Filter>
    <Filter Include="Recon\Events">
      <UniqueIdentifier>{0074F405-ECD6-83AA-955C-BC60819E4F2D}</UniqueIdentifier>
    </Filter>
  </ItemGroup>
  <ItemGroup>
    <ClInclude Include="src\Recon.h" />
    <ClInclude Include="src\Recon\Application.h">
      <Filter>Recon</Filter>
    </ClInclude>
    <ClInclude Include="src\Recon\Core.h">
      <Filter>Recon</Filter>
    </ClInclude>
    <ClInclude Include="src\Recon\EntryPoint.h">
      <Filter>Recon</Filter>
    </ClInclude>
    <ClInclude Include="src\Recon\Events\ApplicationEvent.h">
      <Filter>Recon\Events</Filter>
    </ClInclude>
    <ClInclude Include="src\Recon\Events\Event.h">
      <Filter>Recon\Events</Filter>
    </ClInclude>
    <ClInclude Include="src\Recon\Events\KeyEvent.h">
      <Filter>Recon\Events</Filter>
    </ClInclude>
    <ClInclude Include="src\Recon\Events\MouseEvent.h">
      <Filter>Recon\Events</Filter>
    </ClInclude>
    <ClInclude Include="src\Recon\Log.h">
      <Filter>Recon</Filter>
    </ClInclude>
    <ClInclude Include="src\rcpch.h" />
  </ItemGroup>
  <ItemGroup>
    <ClCompile Include="src\Recon\Application.cpp">
      <Filter>Recon</Filter>
    </ClCompile>
    <ClCompile Include="src\Recon\Log.cpp">
      <Filter>Recon</Filter>
    </ClCompile>
    <ClCompile Include="src\rcpch.cpp" />
  </ItemGroup>
</Project>